
Microsoft Visual Studio Solution File, Format Version 12.00
# Visual Studio Version 17
VisualStudioVersion = 17.4.33213.308
MinimumVisualStudioVersion = 10.0.40219.1
Project("{FAE04EC0-301F-11D3-BF4B-00C04F79EFBC}") = "Aula14Objetos", "Aula14Objetos\Aula14Objetos.csproj", "{6B01C11D-3944-44F5-806E-58DF3E8CEBF7}"
EndProject
Global
	GlobalSection(SolutionConfigurationPlatforms) = preSolution
		Debug|Any CPU = Debug|Any CPU
		Release|Any CPU = Release|Any CPU
	EndGlobalSection
	GlobalSection(ProjectConfigurationPlatforms) = postSolution
		{6B01C11D-3944-44F5-806E-58DF3E8CEBF7}.Debug|Any CPU.ActiveCfg = Debug|Any CPU
		{6B01C11D-3944-44F5-806E-58DF3E8CEBF7}.Debug|Any CPU.Build.0 = Debug|Any CPU
		{6B01C11D-3944-44F5-806E-58DF3E8CEBF7}.Release|Any CPU.ActiveCfg = Release|Any CPU
		{6B01C11D-3944-44F5-806E-58DF3E8CEBF7}.Release|Any CPU.Build.0 = Release|Any CPU
	EndGlobalSection
	GlobalSection(SolutionProperties) = preSolution
		HideSolutionNode = FALSE
	EndGlobalSection
	GlobalSection(ExtensibilityGlobals) = postSolution
		SolutionGuid = {3491CC89-79FB-4F00-95E8-7D88D32595A3}
	EndGlobalSection
EndGlobal
